
Microsoft Visual Studio Solution File, Format Version 12.00
# Visual Studio Version 17
VisualStudioVersion = 17.3.32922.545
MinimumVisualStudioVersion = 10.0.40219.1
Project("{FAE04EC0-301F-11D3-BF4B-00C04F79EFBC}") = "UPD8.CSharp.CustomerEntity", "UPD8.CSharp.CustomerEntity.csproj", "{3657F00A-2079-4E01-A64B-204E67BC8285}"
EndProject
Global
	GlobalSection(SolutionConfigurationPlatforms) = preSolution
		Debug|Any CPU = Debug|Any CPU
		Release|Any CPU = Release|Any CPU
	EndGlobalSection
	GlobalSection(ProjectConfigurationPlatforms) = postSolution
		{3657F00A-2079-4E01-A64B-204E67BC8285}.Debug|Any CPU.ActiveCfg = Debug|Any CPU
		{3657F00A-2079-4E01-A64B-204E67BC8285}.Debug|Any CPU.Build.0 = Debug|Any CPU
		{3657F00A-2079-4E01-A64B-204E67BC8285}.Release|Any CPU.ActiveCfg = Release|Any CPU
		{3657F00A-2079-4E01-A64B-204E67BC8285}.Release|Any CPU.Build.0 = Release|Any CPU
	EndGlobalSection
	GlobalSection(SolutionProperties) = preSolution
		HideSolutionNode = FALSE
	EndGlobalSection
	GlobalSection(ExtensibilityGlobals) = postSolution
		SolutionGuid = {4B760C58-CD09-4A5D-B174-CBD35D8C53A1}
	EndGlobalSection
EndGlobal
